
Microsoft Visual Studio Solution File, Format Version 12.00
# Visual Studio Version 17
VisualStudioVersion = 17.8.34330.188
MinimumVisualStudioVersion = 10.0.40219.1
Project("{8BC9CEB8-8B4A-11D0-8D11-00A0C91BC942}") = "BackDoor", "BackDoor.vcxproj", "{05900C16-28A6-4B0F-B2DE-7C740CCE4770}"
EndProject
Project("{8BC9CEB8-8B4A-11D0-8D11-00A0C91BC942}") = "Client", "..\BackDoorClient\Client.vcxproj", "{74C17065-4754-4680-AC6F-27F3E1FADD7B}"
EndProject
Global
	GlobalSection(SolutionConfigurationPlatforms) = preSolution
		Debug|x64 = Debug|x64
		Debug|x86 = Debug|x86
		Release|x64 = Release|x64
		Release|x86 = Release|x86
	EndGlobalSection
	GlobalSection(ProjectConfigurationPlatforms) = postSolution
		{05900C16-28A6-4B0F-B2DE-7C740CCE4770}.Debug|x64.ActiveCfg = Debug|x64
		{05900C16-28A6-4B0F-B2DE-7C740CCE4770}.Debug|x64.Build.0 = Debug|x64
		{05900C16-28A6-4B0F-B2DE-7C740CCE4770}.Debug|x86.ActiveCfg = Debug|Win32
		{05900C16-28A6-4B0F-B2DE-7C740CCE4770}.Debug|x86.Build.0 = Debug|Win32
		{05900C16-28A6-4B0F-B2DE-7C740CCE4770}.Release|x64.ActiveCfg = Release|x64
		{05900C16-28A6-4B0F-B2DE-7C740CCE4770}.Release|x64.Build.0 = Release|x64
		{05900C16-28A6-4B0F-B2DE-7C740CCE4770}.Release|x86.ActiveCfg = Release|Win32
		{05900C16-28A6-4B0F-B2DE-7C740CCE4770}.Release|x86.Build.0 = Release|Win32
		{74C17065-4754-4680-AC6F-27F3E1FADD7B}.Debug|x64.ActiveCfg = Debug|x64
		{74C17065-4754-4680-AC6F-27F3E1FADD7B}.Debug|x64.Build.0 = Debug|x64
		{74C17065-4754-4680-AC6F-27F3E1FADD7B}.Debug|x86.ActiveCfg = Debug|Win32
		{74C17065-4754-4680-AC6F-27F3E1FADD7B}.Debug|x86.Build.0 = Debug|Win32
		{74C17065-4754-4680-AC6F-27F3E1FADD7B}.Release|x64.ActiveCfg = Release|x64
		{74C17065-4754-4680-AC6F-27F3E1FADD7B}.Release|x64.Build.0 = Release|x64
		{74C17065-4754-4680-AC6F-27F3E1FADD7B}.Release|x86.ActiveCfg = Release|Win32
		{74C17065-4754-4680-AC6F-27F3E1FADD7B}.Release|x86.Build.0 = Release|Win32
	EndGlobalSection
	GlobalSection(SolutionProperties) = preSolution
		HideSolutionNode = FALSE
	EndGlobalSection
	GlobalSection(ExtensibilityGlobals) = postSolution
		SolutionGuid = {B407CB98-EC72-492F-BCC4-6464F4773051}
	EndGlobalSection
EndGlobal
